
Microsoft Visual Studio Solution File, Format Version 12.00
# Visual Studio 2013
VisualStudioVersion = 12.0.30110.0
MinimumVisualStudioVersion = 10.0.40219.1
Project("{8BC9CEB8-8B4A-11D0-8D11-00A0C91BC942}") = "Pine", "Pine\Pine.vcxproj", "{D4093967-000E-4DC4-831B-58315E22D9B4}"
EndProject
Project("{FAE04EC0-301F-11D3-BF4B-00C04F79EFBC}") = "PineXAML", "PineXAML\PineXAML.csproj", "{97545077-7A6D-48B1-BA64-1E2B40297BDD}"
EndProject
Global
	GlobalSection(SolutionConfigurationPlatforms) = preSolution
		Debug|Any CPU = Debug|Any CPU
		Debug|ARM = Debug|ARM
		Debug|Mixed Platforms = Debug|Mixed Platforms
		Debug|Win32 = Debug|Win32
		Debug|x64 = Debug|x64
		Debug|x86 = Debug|x86
		Release_test|Any CPU = Release_test|Any CPU
		Release_test|ARM = Release_test|ARM
		Release_test|Mixed Platforms = Release_test|Mixed Platforms
		Release_test|Win32 = Release_test|Win32
		Release_test|x64 = Release_test|x64
		Release_test|x86 = Release_test|x86
		Release|Any CPU = Release|Any CPU
		Release|ARM = Release|ARM
		Release|Mixed Platforms = Release|Mixed Platforms
		Release|Win32 = Release|Win32
		Release|x64 = Release|x64
		Release|x86 = Release|x86
	EndGlobalSection
	GlobalSection(ProjectConfigurationPlatforms) = postSolution
		{D4093967-000E-4DC4-831B-58315E22D9B4}.Debug|Any CPU.ActiveCfg = Debug|Win32
		{D4093967-000E-4DC4-831B-58315E22D9B4}.Debug|ARM.ActiveCfg = Debug|ARM
		{D4093967-000E-4DC4-831B-58315E22D9B4}.Debug|ARM.Build.0 = Debug|ARM
		{D4093967-000E-4DC4-831B-58315E22D9B4}.Debug|ARM.Deploy.0 = Debug|ARM
		{D4093967-000E-4DC4-831B-58315E22D9B4}.Debug|Mixed Platforms.ActiveCfg = Debug|Win32
		{D4093967-000E-4DC4-831B-58315E22D9B4}.Debug|Mixed Platforms.Build.0 = Debug|Win32
		{D4093967-000E-4DC4-831B-58315E22D9B4}.Debug|Mixed Platforms.Deploy.0 = Debug|Win32
		{D4093967-000E-4DC4-831B-58315E22D9B4}.Debug|Win32.ActiveCfg = Debug|Win32
		{D4093967-000E-4DC4-831B-58315E22D9B4}.Debug|Win32.Build.0 = Debug|Win32
		{D4093967-000E-4DC4-831B-58315E22D9B4}.Debug|Win32.Deploy.0 = Debug|Win32
		{D4093967-000E-4DC4-831B-58315E22D9B4}.Debug|x64.ActiveCfg = Debug|x64
		{D4093967-000E-4DC4-831B-58315E22D9B4}.Debug|x64.Build.0 = Debug|x64
		{D4093967-000E-4DC4-831B-58315E22D9B4}.Debug|x64.Deploy.0 = Debug|x64
		{D4093967-000E-4DC4-831B-58315E22D9B4}.Debug|x86.ActiveCfg = Debug|Win32
		{D4093967-000E-4DC4-831B-58315E22D9B4}.Debug|x86.Build.0 = Debug|Win32
		{D4093967-000E-4DC4-831B-58315E22D9B4}.Debug|x86.Deploy.0 = Debug|Win32
		{D4093967-000E-4DC4-831B-58315E22D9B4}.Release_test|Any CPU.ActiveCfg = Release_test|Win32
		{D4093967-000E-4DC4-831B-58315E22D9B4}.Release_test|ARM.ActiveCfg = Release_test|ARM
		{D4093967-000E-4DC4-831B-58315E22D9B4}.Release_test|ARM.Build.0 = Release_test|ARM
		{D4093967-000E-4DC4-831B-58315E22D9B4}.Release_test|Mixed Platforms.ActiveCfg = Release_test|Win32
		{D4093967-000E-4DC4-831B-58315E22D9B4}.Release_test|Mixed Platforms.Build.0 = Release_test|Win32
		{D4093967-000E-4DC4-831B-58315E22D9B4}.Release_test|Win32.ActiveCfg = Release_test|Win32
		{D4093967-000E-4DC4-831B-58315E22D9B4}.Release_test|Win32.Build.0 = Release_test|Win32
		{D4093967-000E-4DC4-831B-58315E22D9B4}.Release_test|x64.ActiveCfg = Release_test|x64
		{D4093967-000E-4DC4-831B-58315E22D9B4}.Release_test|x64.Build.0 = Release_test|x64
		{D4093967-000E-4DC4-831B-58315E22D9B4}.Release_test|x86.ActiveCfg = Release_test|Win32
		{D4093967-000E-4DC4-831B-58315E22D9B4}.Release_test|x86.Build.0 = Release_test|Win32
		{D4093967-000E-4DC4-831B-58315E22D9B4}.Release|Any CPU.ActiveCfg = Release|Win32
		{D4093967-000E-4DC4-831B-58315E22D9B4}.Release|ARM.ActiveCfg = Release|ARM
		{D4093967-000E-4DC4-831B-58315E22D9B4}.Release|ARM.Build.0 = Release|ARM
		{D4093967-000E-4DC4-831B-58315E22D9B4}.Release|ARM.Deploy.0 = Release|ARM
		{D4093967-000E-4DC4-831B-58315E22D9B4}.Release|Mixed Platforms.ActiveCfg = Release|Win32
		{D4093967-000E-4DC4-831B-58315E22D9B4}.Release|Mixed Platforms.Build.0 = Release|Win32
		{D4093967-000E-4DC4-831B-58315E22D9B4}.Release|Mixed Platforms.Deploy.0 = Release|Win32
		{D4093967-000E-4DC4-831B-58315E22D9B4}.Release|Win32.ActiveCfg = Release|Win32
		{D4093967-000E-4DC4-831B-58315E22D9B4}.Release|Win32.Build.0 = Release|Win32
		{D4093967-000E-4DC4-831B-58315E22D9B4}.Release|Win32.Deploy.0 = Release|Win32
		{D4093967-000E-4DC4-831B-58315E22D9B4}.Release|x64.ActiveCfg = Release|x64
		{D4093967-000E-4DC4-831B-58315E22D9B4}.Release|x64.Build.0 = Release|x64
		{D4093967-000E-4DC4-831B-58315E22D9B4}.Release|x64.Deploy.0 = Release|x64
		{D4093967-000E-4DC4-831B-58315E22D9B4}.Release|x86.ActiveCfg = Release|Win32
		{D4093967-000E-4DC4-831B-58315E22D9B4}.Release|x86.Build.0 = Release|Win32
		{D4093967-000E-4DC4-831B-58315E22D9B4}.Release|x86.Deploy.0 = Release|Win32
		{97545077-7A6D-48B1-BA64-1E2B40297BDD}.Debug|Any CPU.ActiveCfg = Debug|Any CPU
		{97545077-7A6D-48B1-BA64-1E2B40297BDD}.Debug|Any CPU.Build.0 = Debug|Any CPU
		{97545077-7A6D-48B1-BA64-1E2B40297BDD}.Debug|Any CPU.Deploy.0 = Debug|Any CPU
		{97545077-7A6D-48B1-BA64-1E2B40297BDD}.Debug|ARM.ActiveCfg = Debug|ARM
		{97545077-7A6D-48B1-BA64-1E2B40297BDD}.Debug|ARM.Build.0 = Debug|ARM
		{97545077-7A6D-48B1-BA64-1E2B40297BDD}.Debug|ARM.Deploy.0 = Debug|ARM
		{97545077-7A6D-48B1-BA64-1E2B40297BDD}.Debug|Mixed Platforms.ActiveCfg = Debug|x86
		{97545077-7A6D-48B1-BA64-1E2B40297BDD}.Debug|Mixed Platforms.Build.0 = Debug|x86
		{97545077-7A6D-48B1-BA64-1E2B40297BDD}.Debug|Mixed Platforms.Deploy.0 = Debug|x86
		{97545077-7A6D-48B1-BA64-1E2B40297BDD}.Debug|Win32.ActiveCfg = Debug|x86
		{97545077-7A6D-48B1-BA64-1E2B40297BDD}.Debug|Win32.Build.0 = Debug|x86
		{97545077-7A6D-48B1-BA64-1E2B40297BDD}.Debug|Win32.Deploy.0 = Debug|x86
		{97545077-7A6D-48B1-BA64-1E2B40297BDD}.Debug|x64.ActiveCfg = Debug|x64
		{97545077-7A6D-48B1-BA64-1E2B40297BDD}.Debug|x64.Build.0 = Debug|x64
		{97545077-7A6D-48B1-BA64-1E2B40297BDD}.Debug|x64.Deploy.0 = Debug|x64
		{97545077-7A6D-48B1-BA64-1E2B40297BDD}.Debug|x86.ActiveCfg = Debug|x86
		{97545077-7A6D-48B1-BA64-1E2B40297BDD}.Debug|x86.Build.0 = Debug|x86
		{97545077-7A6D-48B1-BA64-1E2B40297BDD}.Debug|x86.Deploy.0 = Debug|x86
		{97545077-7A6D-48B1-BA64-1E2B40297BDD}.Release_test|Any CPU.ActiveCfg = Release_test|Any CPU
		{97545077-7A6D-48B1-BA64-1E2B40297BDD}.Release_test|Any CPU.Build.0 = Release_test|Any CPU
		{97545077-7A6D-48B1-BA64-1E2B40297BDD}.Release_test|Any CPU.Deploy.0 = Release_test|Any CPU
		{97545077-7A6D-48B1-BA64-1E2B40297BDD}.Release_test|ARM.ActiveCfg = Release_test|ARM
		{97545077-7A6D-48B1-BA64-1E2B40297BDD}.Release_test|ARM.Build.0 = Release_test|ARM
		{97545077-7A6D-48B1-BA64-1E2B40297BDD}.Release_test|ARM.Deploy.0 = Release_test|ARM
		{97545077-7A6D-48B1-BA64-1E2B40297BDD}.Release_test|Mixed Platforms.ActiveCfg = Release_test|x86
		{97545077-7A6D-48B1-BA64-1E2B40297BDD}.Release_test|Mixed Platforms.Build.0 = Release_test|x86
		{97545077-7A6D-48B1-BA64-1E2B40297BDD}.Release_test|Mixed Platforms.Deploy.0 = Release_test|x86
		{97545077-7A6D-48B1-BA64-1E2B40297BDD}.Release_test|Win32.ActiveCfg = Release_test|x86
		{97545077-7A6D-48B1-BA64-1E2B40297BDD}.Release_test|Win32.Build.0 = Release_test|x86
		{97545077-7A6D-48B1-BA64-1E2B40297BDD}.Release_test|Win32.Deploy.0 = Release_test|x86
		{97545077-7A6D-48B1-BA64-1E2B40297BDD}.Release_test|x64.ActiveCfg = Release_test|x64
		{97545077-7A6D-48B1-BA64-1E2B40297BDD}.Release_test|x64.Build.0 = Release_test|x64
		{97545077-7A6D-48B1-BA64-1E2B40297BDD}.Release_test|x64.Deploy.0 = Release_test|x64
		{97545077-7A6D-48B1-BA64-1E2B40297BDD}.Release_test|x86.ActiveCfg = Release_test|x86
		{97545077-7A6D-48B1-BA64-1E2B40297BDD}.Release_test|x86.Build.0 = Release_test|x86
		{97545077-7A6D-48B1-BA64-1E2B40297BDD}.Release_test|x86.Deploy.0 = Release_test|x86
		{97545077-7A6D-48B1-BA64-1E2B40297BDD}.Release|Any CPU.ActiveCfg = Release|Any CPU
		{97545077-7A6D-48B1-BA64-1E2B40297BDD}.Release|Any CPU.Build.0 = Release|Any CPU
		{97545077-7A6D-48B1-BA64-1E2B40297BDD}.Release|Any CPU.Deploy.0 = Release|Any CPU
		{97545077-7A6D-48B1-BA64-1E2B40297BDD}.Release|ARM.ActiveCfg = Release|ARM
		{97545077-7A6D-48B1-BA64-1E2B40297BDD}.Release|ARM.Build.0 = Release|ARM
		{97545077-7A6D-48B1-BA64-1E2B40297BDD}.Release|ARM.Deploy.0 = Release|ARM
		{97545077-7A6D-48B1-BA64-1E2B40297BDD}.Release|Mixed Platforms.ActiveCfg = Release|x86
		{97545077-7A6D-48B1-BA64-1E2B40297BDD}.Release|Mixed Platforms.Build.0 = Release|x86
		{97545077-7A6D-48B1-BA64-1E2B40297BDD}.Release|Mixed Platforms.Deploy.0 = Release|x86
		{97545077-7A6D-48B1-BA64-1E2B40297BDD}.Release|Win32.ActiveCfg = Release|x86
		{97545077-7A6D-48B1-BA64-1E2B40297BDD}.Release|Win32.Build.0 = Release|x86
		{97545077-7A6D-48B1-BA64-1E2B40297BDD}.Release|Win32.Deploy.0 = Release|x86
		{97545077-7A6D-48B1-BA64-1E2B40297BDD}.Release|x64.ActiveCfg = Release|x64
		{97545077-7A6D-48B1-BA64-1E2B40297BDD}.Release|x64.Build.0 = Release|x64
		{97545077-7A6D-48B1-BA64-1E2B40297BDD}.Release|x64.Deploy.0 = Release|x64
		{97545077-7A6D-48B1-BA64-1E2B40297BDD}.Release|x86.ActiveCfg = Release|x86
		{97545077-7A6D-48B1-BA64-1E2B40297BDD}.Release|x86.Build.0 = Release|x86
		{97545077-7A6D-48B1-BA64-1E2B40297BDD}.Release|x86.Deploy.0 = Release|x86
	EndGlobalSection
	GlobalSection(SolutionProperties) = preSolution
		HideSolutionNode = FALSE
	EndGlobalSection
EndGlobal
